{
  "nodes": {
    "flake-utils": {
      "locked": {
        "lastModified": 1649676176,
        "narHash": "sha256-OWKJratjt2RW151VUlJPRALb7OU2S5s+f0vLj4o1bHM=",
        "ref": "refs/heads/master",
        "rev": "a4b154ebbdc88c8498a5c7b01589addc9e9cb678",
        "revCount": 49,
        "type": "git",
        "url": "https://g.m5w.de/mawalu/flake-utils"
      },
      "original": {
        "type": "git",
        "url": "https://g.m5w.de/mawalu/flake-utils"
      }
    },
    "nixpkgs": {
      "locked": {
        "lastModified": 1657186292,
        "narHash": "sha256-z7o/J8dSf5tSTy5q4VJPe1onkYwYtnEByCxWG54rSIk=",
        "owner": "NixOS",
        "repo": "nixpkgs",
        "rev": "3014367d9eda9f1337adbbf8bac4899016638564",
        "type": "github"
      },
      "original": {
        "owner": "NixOS",
        "repo": "nixpkgs",
        "type": "github"
      }
    },
    "root": {
      "inputs": {
        "flake-utils": "flake-utils",
        "nixpkgs": "nixpkgs"
      }
    }
  },
  "root": "root",
  "version": 7
}
